
Microsoft Visual Studio Solution File, Format Version 12.00
# Visual Studio Version 16
VisualStudioVersion = 16.0.32413.511
MinimumVisualStudioVersion = 10.0.40219.1
Project("{FAE04EC0-301F-11D3-BF4B-00C04F79EFBC}") = "admin_dcas", "admin_dcas\admin_dcas.csproj", "{ED90518A-609A-480E-B44B-02FD3380F285}"
EndProject
Global
	GlobalSection(SolutionConfigurationPlatforms) = preSolution
		Debug|Any CPU = Debug|Any CPU
		Release|Any CPU = Release|Any CPU
	EndGlobalSection
	GlobalSection(ProjectConfigurationPlatforms) = postSolution
		{ED90518A-609A-480E-B44B-02FD3380F285}.Debug|Any CPU.ActiveCfg = Debug|Any CPU
		{ED90518A-609A-480E-B44B-02FD3380F285}.Debug|Any CPU.Build.0 = Debug|Any CPU
		{ED90518A-609A-480E-B44B-02FD3380F285}.Release|Any CPU.ActiveCfg = Release|Any CPU
		{ED90518A-609A-480E-B44B-02FD3380F285}.Release|Any CPU.Build.0 = Release|Any CPU
	EndGlobalSection
	GlobalSection(SolutionProperties) = preSolution
		HideSolutionNode = FALSE
	EndGlobalSection
	GlobalSection(ExtensibilityGlobals) = postSolution
		SolutionGuid = {52C60E99-4F75-4D08-80EC-F631B44C9FB4}
	EndGlobalSection
EndGlobal
