
Microsoft Visual Studio Solution File, Format Version 12.00
# Visual Studio Version 17
VisualStudioVersion = 17.0.32112.339
MinimumVisualStudioVersion = 10.0.40219.1
Project("{FAE04EC0-301F-11D3-BF4B-00C04F79EFBC}") = "dental clinic appointment", "dental clinic appointment\dental clinic appointment.csproj", "{55ABBB97-B889-4507-BBC6-6F20FB06D52E}"
EndProject
Global
	GlobalSection(SolutionConfigurationPlatforms) = preSolution
		Debug|Any CPU = Debug|Any CPU
		Release|Any CPU = Release|Any CPU
	EndGlobalSection
	GlobalSection(ProjectConfigurationPlatforms) = postSolution
		{55ABBB97-B889-4507-BBC6-6F20FB06D52E}.Debug|Any CPU.ActiveCfg = Debug|Any CPU
		{55ABBB97-B889-4507-BBC6-6F20FB06D52E}.Debug|Any CPU.Build.0 = Debug|Any CPU
		{55ABBB97-B889-4507-BBC6-6F20FB06D52E}.Release|Any CPU.ActiveCfg = Release|Any CPU
		{55ABBB97-B889-4507-BBC6-6F20FB06D52E}.Release|Any CPU.Build.0 = Release|Any CPU
	EndGlobalSection
	GlobalSection(SolutionProperties) = preSolution
		HideSolutionNode = FALSE
	EndGlobalSection
	GlobalSection(ExtensibilityGlobals) = postSolution
		SolutionGuid = {72058701-4AFE-4D34-9674-04F0558B8ED9}
	EndGlobalSection
EndGlobal
